{
    "hash": "2824f2f3655a70a6e1dcfb5d4c8baffc",
    "packages": [
        {
            "name": "sabotizer/bootria",
            "version": "dev-master",
            "target-dir": "sabotizer/bootria",
            "source": {
                "type": "git",
                "url": "https://github.com/tobiasstrebitzer/bootria.git",
                "reference": "4820bbc5c89c81bf8ff10ac66b67f377d94715c8"
            },
            "dist": {
                "type": "zip",
                "url": "https://github.com/tobiasstrebitzer/bootria/archive/4820bbc5c89c81bf8ff10ac66b67f377d94715c8.zip",
                "reference": "4820bbc5c89c81bf8ff10ac66b67f377d94715c8",
                "shasum": ""
            },
            "time": "2013-01-25 15:04:01",
            "type": "library",
            "notification-url": "https://packagist.org/downloads/",
            "license": [
                "Apache-2.0"
            ],
            "description": "Build rich internet applications with twitter bootstrap",
            "homepage": "http://www.bootria.com/",
            "keywords": [
                "bootstrap",
                "RIA"
            ]
        },
        {
            "name": "twitter/bootstrap",
            "version": "dev-master",
            "target-dir": "twitter/bootstrap",
            "source": {
                "type": "git",
                "url": "git://github.com/twitter/bootstrap.git",
                "reference": "558bc52432840ea1b2f413438427164288f10350"
            },
            "dist": {
                "type": "zip",
                "url": "https://github.com/twitter/bootstrap/archive/558bc52432840ea1b2f413438427164288f10350.zip",
                "reference": "558bc52432840ea1b2f413438427164288f10350",
                "shasum": ""
            },
            "time": "2012-12-22 02:54:36",
            "type": "library",
            "notification-url": "https://packagist.org/downloads/",
            "license": [
                "Apache-2.0"
            ],
            "description": "Sleek, intuitive, and powerful front-end framework for faster and easier web development.",
            "homepage": "http://twitter.github.com/bootstrap/",
            "keywords": [
                "css",
                "bootstrap"
            ]
        }
    ],
    "packages-dev": null,
    "aliases": [

    ],
    "minimum-stability": "stable",
    "stability-flags": {
        "twitter/bootstrap": 20,
        "sabotizer/bootria": 20
    }
}
